
Microsoft Visual Studio Solution File, Format Version 12.00
# Visual Studio 14
VisualStudioVersion = 14.0.25123.0
MinimumVisualStudioVersion = 10.0.40219.1
Project("{F184B08F-C81C-45F6-A57F-5ABD9991F28F}") = "EasyContentManager", "EasyContentManager\EasyContentManager.vbproj", "{EC0D1B14-2A36-4658-8AB9-25C1D6426E79}"
EndProject
Project("{FAE04EC0-301F-11D3-BF4B-00C04F79EFBC}") = "zlib.net", "..\..\Lib.Net\VB\Compression\ZLib\source.Net4\zlib.net.csproj", "{0C89B7A2-A218-49E4-B545-5B044A45F977}"
EndProject
Project("{F184B08F-C81C-45F6-A57F-5ABD9991F28F}") = "COMCryptoWrapper", "..\..\Lib.Net\VB\Compression\COMCryptoNet2\COMCryptoWrapper4\COMCryptoWrapper.vbproj", "{6B8A0B88-C318-47CC-B97D-5E051C8B6D1B}"
EndProject
Project("{F184B08F-C81C-45F6-A57F-5ABD9991F28F}") = "OO_DBMS ADODB.NET Wrapper", "..\..\Component.Net2015\OO_DBMS ADODB.NET Wrapper\OO_DBMS ADODB.NET Wrapper.vbproj", "{4051318E-C2AD-4C39-9AA0-EED88421D0E1}"
EndProject
Project("{F184B08F-C81C-45F6-A57F-5ABD9991F28F}") = "OO_DBMS ADOX.NET Wrapper", "..\..\Component.Net2015\OO_DBMS ADOX.NET Wrapper\OO_DBMS ADOX.NET Wrapper.vbproj", "{9815C69C-3AF3-4990-8B44-DD092F1E5750}"
EndProject
Project("{F184B08F-C81C-45F6-A57F-5ABD9991F28F}") = "OO_DBMS Object Library", "..\..\Component.Net2015\OO_DBMS Object Library\OO_DBMS Object Library.vbproj", "{528E1150-831C-4906-A292-EBD67CCF3AA5}"
EndProject
Project("{F184B08F-C81C-45F6-A57F-5ABD9991F28F}") = "OO_DBMS Web Controls Library", "..\..\Component.Net\OO_DBMS Web Controls Library\OO_DBMS Web Controls Library\OO_DBMS Web Controls Library.vbproj", "{FAB70DFD-6477-4935-AA5A-B195C4D39E7E}"
EndProject
Project("{F184B08F-C81C-45F6-A57F-5ABD9991F28F}") = "OOWebLib", "..\..\Component.Net2015\OO_DBMS Web Library\OOWebLib.vbproj", "{2E387C17-AB18-44EE-A149-2FF169F7CE7A}"
EndProject
Project("{F184B08F-C81C-45F6-A57F-5ABD9991F28F}") = "EasyContentManagerDB", "..\..\Lib.Net\VB\DatabaseDefinitions\EasyContentManagerDB\EasyContentManagerDB.vbproj", "{7A4F67F1-49D8-4FBF-A97A-C81C644D3AFD}"
EndProject
Global
	GlobalSection(SolutionConfigurationPlatforms) = preSolution
		Debug|Any CPU = Debug|Any CPU
		Debug|x86 = Debug|x86
		Release|Any CPU = Release|Any CPU
		Release|x86 = Release|x86
		Solo x86|Any CPU = Solo x86|Any CPU
		Solo x86|x86 = Solo x86|x86
	EndGlobalSection
	GlobalSection(ProjectConfigurationPlatforms) = postSolution
		{EC0D1B14-2A36-4658-8AB9-25C1D6426E79}.Debug|Any CPU.ActiveCfg = Debug|Any CPU
		{EC0D1B14-2A36-4658-8AB9-25C1D6426E79}.Debug|Any CPU.Build.0 = Debug|Any CPU
		{EC0D1B14-2A36-4658-8AB9-25C1D6426E79}.Debug|x86.ActiveCfg = Debug|Any CPU
		{EC0D1B14-2A36-4658-8AB9-25C1D6426E79}.Debug|x86.Build.0 = Debug|Any CPU
		{EC0D1B14-2A36-4658-8AB9-25C1D6426E79}.Release|Any CPU.ActiveCfg = Release|Any CPU
		{EC0D1B14-2A36-4658-8AB9-25C1D6426E79}.Release|Any CPU.Build.0 = Release|Any CPU
		{EC0D1B14-2A36-4658-8AB9-25C1D6426E79}.Release|x86.ActiveCfg = Release|Any CPU
		{EC0D1B14-2A36-4658-8AB9-25C1D6426E79}.Release|x86.Build.0 = Release|Any CPU
		{EC0D1B14-2A36-4658-8AB9-25C1D6426E79}.Solo x86|Any CPU.ActiveCfg = Release|Any CPU
		{EC0D1B14-2A36-4658-8AB9-25C1D6426E79}.Solo x86|Any CPU.Build.0 = Release|Any CPU
		{EC0D1B14-2A36-4658-8AB9-25C1D6426E79}.Solo x86|x86.ActiveCfg = Release|Any CPU
		{EC0D1B14-2A36-4658-8AB9-25C1D6426E79}.Solo x86|x86.Build.0 = Release|Any CPU
		{0C89B7A2-A218-49E4-B545-5B044A45F977}.Debug|Any CPU.ActiveCfg = Debug|Any CPU
		{0C89B7A2-A218-49E4-B545-5B044A45F977}.Debug|Any CPU.Build.0 = Debug|Any CPU
		{0C89B7A2-A218-49E4-B545-5B044A45F977}.Debug|x86.ActiveCfg = Debug|x86
		{0C89B7A2-A218-49E4-B545-5B044A45F977}.Debug|x86.Build.0 = Debug|x86
		{0C89B7A2-A218-49E4-B545-5B044A45F977}.Release|Any CPU.ActiveCfg = Release|Any CPU
		{0C89B7A2-A218-49E4-B545-5B044A45F977}.Release|Any CPU.Build.0 = Release|Any CPU
		{0C89B7A2-A218-49E4-B545-5B044A45F977}.Release|x86.ActiveCfg = Release|x86
		{0C89B7A2-A218-49E4-B545-5B044A45F977}.Release|x86.Build.0 = Release|x86
		{0C89B7A2-A218-49E4-B545-5B044A45F977}.Solo x86|Any CPU.ActiveCfg = Release|Any CPU
		{0C89B7A2-A218-49E4-B545-5B044A45F977}.Solo x86|Any CPU.Build.0 = Release|Any CPU
		{0C89B7A2-A218-49E4-B545-5B044A45F977}.Solo x86|x86.ActiveCfg = Release|x86
		{0C89B7A2-A218-49E4-B545-5B044A45F977}.Solo x86|x86.Build.0 = Release|x86
		{6B8A0B88-C318-47CC-B97D-5E051C8B6D1B}.Debug|Any CPU.ActiveCfg = Debug|Any CPU
		{6B8A0B88-C318-47CC-B97D-5E051C8B6D1B}.Debug|Any CPU.Build.0 = Debug|Any CPU
		{6B8A0B88-C318-47CC-B97D-5E051C8B6D1B}.Debug|x86.ActiveCfg = Debug|x86
		{6B8A0B88-C318-47CC-B97D-5E051C8B6D1B}.Debug|x86.Build.0 = Debug|x86
		{6B8A0B88-C318-47CC-B97D-5E051C8B6D1B}.Release|Any CPU.ActiveCfg = Release|Any CPU
		{6B8A0B88-C318-47CC-B97D-5E051C8B6D1B}.Release|Any CPU.Build.0 = Release|Any CPU
		{6B8A0B88-C318-47CC-B97D-5E051C8B6D1B}.Release|x86.ActiveCfg = Release|x86
		{6B8A0B88-C318-47CC-B97D-5E051C8B6D1B}.Release|x86.Build.0 = Release|x86
		{6B8A0B88-C318-47CC-B97D-5E051C8B6D1B}.Solo x86|Any CPU.ActiveCfg = Release|Any CPU
		{6B8A0B88-C318-47CC-B97D-5E051C8B6D1B}.Solo x86|Any CPU.Build.0 = Release|Any CPU
		{6B8A0B88-C318-47CC-B97D-5E051C8B6D1B}.Solo x86|x86.ActiveCfg = Release|x86
		{6B8A0B88-C318-47CC-B97D-5E051C8B6D1B}.Solo x86|x86.Build.0 = Release|x86
		{4051318E-C2AD-4C39-9AA0-EED88421D0E1}.Debug|Any CPU.ActiveCfg = Debug|Any CPU
		{4051318E-C2AD-4C39-9AA0-EED88421D0E1}.Debug|Any CPU.Build.0 = Debug|Any CPU
		{4051318E-C2AD-4C39-9AA0-EED88421D0E1}.Debug|x86.ActiveCfg = Debug|x86
		{4051318E-C2AD-4C39-9AA0-EED88421D0E1}.Debug|x86.Build.0 = Debug|x86
		{4051318E-C2AD-4C39-9AA0-EED88421D0E1}.Release|Any CPU.ActiveCfg = Release|Any CPU
		{4051318E-C2AD-4C39-9AA0-EED88421D0E1}.Release|Any CPU.Build.0 = Release|Any CPU
		{4051318E-C2AD-4C39-9AA0-EED88421D0E1}.Release|x86.ActiveCfg = Release|x86
		{4051318E-C2AD-4C39-9AA0-EED88421D0E1}.Release|x86.Build.0 = Release|x86
		{4051318E-C2AD-4C39-9AA0-EED88421D0E1}.Solo x86|Any CPU.ActiveCfg = Release|Any CPU
		{4051318E-C2AD-4C39-9AA0-EED88421D0E1}.Solo x86|Any CPU.Build.0 = Release|Any CPU
		{4051318E-C2AD-4C39-9AA0-EED88421D0E1}.Solo x86|x86.ActiveCfg = Release|x86
		{4051318E-C2AD-4C39-9AA0-EED88421D0E1}.Solo x86|x86.Build.0 = Release|x86
		{9815C69C-3AF3-4990-8B44-DD092F1E5750}.Debug|Any CPU.ActiveCfg = Debug|Any CPU
		{9815C69C-3AF3-4990-8B44-DD092F1E5750}.Debug|Any CPU.Build.0 = Debug|Any CPU
		{9815C69C-3AF3-4990-8B44-DD092F1E5750}.Debug|x86.ActiveCfg = Debug|x86
		{9815C69C-3AF3-4990-8B44-DD092F1E5750}.Debug|x86.Build.0 = Debug|x86
		{9815C69C-3AF3-4990-8B44-DD092F1E5750}.Release|Any CPU.ActiveCfg = Release|Any CPU
		{9815C69C-3AF3-4990-8B44-DD092F1E5750}.Release|Any CPU.Build.0 = Release|Any CPU
		{9815C69C-3AF3-4990-8B44-DD092F1E5750}.Release|x86.ActiveCfg = Release|x86
		{9815C69C-3AF3-4990-8B44-DD092F1E5750}.Release|x86.Build.0 = Release|x86
		{9815C69C-3AF3-4990-8B44-DD092F1E5750}.Solo x86|Any CPU.ActiveCfg = Release|Any CPU
		{9815C69C-3AF3-4990-8B44-DD092F1E5750}.Solo x86|Any CPU.Build.0 = Release|Any CPU
		{9815C69C-3AF3-4990-8B44-DD092F1E5750}.Solo x86|x86.ActiveCfg = Release|x86
		{9815C69C-3AF3-4990-8B44-DD092F1E5750}.Solo x86|x86.Build.0 = Release|x86
		{528E1150-831C-4906-A292-EBD67CCF3AA5}.Debug|Any CPU.ActiveCfg = Debug|Any CPU
		{528E1150-831C-4906-A292-EBD67CCF3AA5}.Debug|Any CPU.Build.0 = Debug|Any CPU
		{528E1150-831C-4906-A292-EBD67CCF3AA5}.Debug|x86.ActiveCfg = Debug|x86
		{528E1150-831C-4906-A292-EBD67CCF3AA5}.Debug|x86.Build.0 = Debug|x86
		{528E1150-831C-4906-A292-EBD67CCF3AA5}.Release|Any CPU.ActiveCfg = Release|Any CPU
		{528E1150-831C-4906-A292-EBD67CCF3AA5}.Release|Any CPU.Build.0 = Release|Any CPU
		{528E1150-831C-4906-A292-EBD67CCF3AA5}.Release|x86.ActiveCfg = Release|x86
		{528E1150-831C-4906-A292-EBD67CCF3AA5}.Release|x86.Build.0 = Release|x86
		{528E1150-831C-4906-A292-EBD67CCF3AA5}.Solo x86|Any CPU.ActiveCfg = Solo x86|Any CPU
		{528E1150-831C-4906-A292-EBD67CCF3AA5}.Solo x86|Any CPU.Build.0 = Solo x86|Any CPU
		{528E1150-831C-4906-A292-EBD67CCF3AA5}.Solo x86|x86.ActiveCfg = Solo x86|x86
		{528E1150-831C-4906-A292-EBD67CCF3AA5}.Solo x86|x86.Build.0 = Solo x86|x86
		{FAB70DFD-6477-4935-AA5A-B195C4D39E7E}.Debug|Any CPU.ActiveCfg = Debug|Any CPU
		{FAB70DFD-6477-4935-AA5A-B195C4D39E7E}.Debug|Any CPU.Build.0 = Debug|Any CPU
		{FAB70DFD-6477-4935-AA5A-B195C4D39E7E}.Debug|x86.ActiveCfg = Debug|Any CPU
		{FAB70DFD-6477-4935-AA5A-B195C4D39E7E}.Debug|x86.Build.0 = Debug|Any CPU
		{FAB70DFD-6477-4935-AA5A-B195C4D39E7E}.Release|Any CPU.ActiveCfg = Release|Any CPU
		{FAB70DFD-6477-4935-AA5A-B195C4D39E7E}.Release|Any CPU.Build.0 = Release|Any CPU
		{FAB70DFD-6477-4935-AA5A-B195C4D39E7E}.Release|x86.ActiveCfg = Release|Any CPU
		{FAB70DFD-6477-4935-AA5A-B195C4D39E7E}.Release|x86.Build.0 = Release|Any CPU
		{FAB70DFD-6477-4935-AA5A-B195C4D39E7E}.Solo x86|Any CPU.ActiveCfg = Release|Any CPU
		{FAB70DFD-6477-4935-AA5A-B195C4D39E7E}.Solo x86|Any CPU.Build.0 = Release|Any CPU
		{FAB70DFD-6477-4935-AA5A-B195C4D39E7E}.Solo x86|x86.ActiveCfg = Release|Any CPU
		{FAB70DFD-6477-4935-AA5A-B195C4D39E7E}.Solo x86|x86.Build.0 = Release|Any CPU
		{2E387C17-AB18-44EE-A149-2FF169F7CE7A}.Debug|Any CPU.ActiveCfg = Debug|Any CPU
		{2E387C17-AB18-44EE-A149-2FF169F7CE7A}.Debug|Any CPU.Build.0 = Debug|Any CPU
		{2E387C17-AB18-44EE-A149-2FF169F7CE7A}.Debug|x86.ActiveCfg = Debug|Any CPU
		{2E387C17-AB18-44EE-A149-2FF169F7CE7A}.Debug|x86.Build.0 = Debug|Any CPU
		{2E387C17-AB18-44EE-A149-2FF169F7CE7A}.Release|Any CPU.ActiveCfg = Release|Any CPU
		{2E387C17-AB18-44EE-A149-2FF169F7CE7A}.Release|Any CPU.Build.0 = Release|Any CPU
		{2E387C17-AB18-44EE-A149-2FF169F7CE7A}.Release|x86.ActiveCfg = Release|Any CPU
		{2E387C17-AB18-44EE-A149-2FF169F7CE7A}.Release|x86.Build.0 = Release|Any CPU
		{2E387C17-AB18-44EE-A149-2FF169F7CE7A}.Solo x86|Any CPU.ActiveCfg = Release|Any CPU
		{2E387C17-AB18-44EE-A149-2FF169F7CE7A}.Solo x86|Any CPU.Build.0 = Release|Any CPU
		{2E387C17-AB18-44EE-A149-2FF169F7CE7A}.Solo x86|x86.ActiveCfg = Release|Any CPU
		{2E387C17-AB18-44EE-A149-2FF169F7CE7A}.Solo x86|x86.Build.0 = Release|Any CPU
		{7A4F67F1-49D8-4FBF-A97A-C81C644D3AFD}.Debug|Any CPU.ActiveCfg = Debug|Any CPU
		{7A4F67F1-49D8-4FBF-A97A-C81C644D3AFD}.Debug|Any CPU.Build.0 = Debug|Any CPU
		{7A4F67F1-49D8-4FBF-A97A-C81C644D3AFD}.Debug|x86.ActiveCfg = Debug|Any CPU
		{7A4F67F1-49D8-4FBF-A97A-C81C644D3AFD}.Debug|x86.Build.0 = Debug|Any CPU
		{7A4F67F1-49D8-4FBF-A97A-C81C644D3AFD}.Release|Any CPU.ActiveCfg = Release|Any CPU
		{7A4F67F1-49D8-4FBF-A97A-C81C644D3AFD}.Release|Any CPU.Build.0 = Release|Any CPU
		{7A4F67F1-49D8-4FBF-A97A-C81C644D3AFD}.Release|x86.ActiveCfg = Release|Any CPU
		{7A4F67F1-49D8-4FBF-A97A-C81C644D3AFD}.Release|x86.Build.0 = Release|Any CPU
		{7A4F67F1-49D8-4FBF-A97A-C81C644D3AFD}.Solo x86|Any CPU.ActiveCfg = Release|Any CPU
		{7A4F67F1-49D8-4FBF-A97A-C81C644D3AFD}.Solo x86|Any CPU.Build.0 = Release|Any CPU
		{7A4F67F1-49D8-4FBF-A97A-C81C644D3AFD}.Solo x86|x86.ActiveCfg = Release|Any CPU
		{7A4F67F1-49D8-4FBF-A97A-C81C644D3AFD}.Solo x86|x86.Build.0 = Release|Any CPU
	EndGlobalSection
	GlobalSection(SolutionProperties) = preSolution
		HideSolutionNode = FALSE
	EndGlobalSection
EndGlobal
